
Microsoft Visual Studio Solution File, Format Version 12.00
# Visual Studio 15
VisualStudioVersion = 15.0.28010.2048
MinimumVisualStudioVersion = 10.0.40219.1
Project("{FAE04EC0-301F-11D3-BF4B-00C04F79EFBC}") = "21122018", "21122018\21122018.csproj", "{15A586D8-F2B8-4DC2-BD8B-930A8802F17B}"
EndProject
Global
	GlobalSection(SolutionConfigurationPlatforms) = preSolution
		Debug|Any CPU = Debug|Any CPU
		Release|Any CPU = Release|Any CPU
	EndGlobalSection
	GlobalSection(ProjectConfigurationPlatforms) = postSolution
		{15A586D8-F2B8-4DC2-BD8B-930A8802F17B}.Debug|Any CPU.ActiveCfg = Debug|Any CPU
		{15A586D8-F2B8-4DC2-BD8B-930A8802F17B}.Debug|Any CPU.Build.0 = Debug|Any CPU
		{15A586D8-F2B8-4DC2-BD8B-930A8802F17B}.Release|Any CPU.ActiveCfg = Release|Any CPU
		{15A586D8-F2B8-4DC2-BD8B-930A8802F17B}.Release|Any CPU.Build.0 = Release|Any CPU
	EndGlobalSection
	GlobalSection(SolutionProperties) = preSolution
		HideSolutionNode = FALSE
	EndGlobalSection
	GlobalSection(ExtensibilityGlobals) = postSolution
		SolutionGuid = {AEE70531-51E9-4FD7-BB0B-AE515BE0CF19}
	EndGlobalSection
EndGlobal
